
Microsoft Visual Studio Solution File, Format Version 12.00
# Visual Studio Version 17
VisualStudioVersion = 17.14.37111.16 d17.14
MinimumVisualStudioVersion = 10.0.40219.1
Project("{FAE04EC0-301F-11D3-BF4B-00C04F79EFBC}") = "C#practise", "C#practise.csproj", "{36C76FF8-3ABE-423A-80EC-05E6DA3EC006}"
EndProject
Global
	GlobalSection(SolutionConfigurationPlatforms) = preSolution
		Debug|Any CPU = Debug|Any CPU
		Release|Any CPU = Release|Any CPU
	EndGlobalSection
	GlobalSection(ProjectConfigurationPlatforms) = postSolution
		{36C76FF8-3ABE-423A-80EC-05E6DA3EC006}.Debug|Any CPU.ActiveCfg = Debug|Any CPU
		{36C76FF8-3ABE-423A-80EC-05E6DA3EC006}.Debug|Any CPU.Build.0 = Debug|Any CPU
		{36C76FF8-3ABE-423A-80EC-05E6DA3EC006}.Release|Any CPU.ActiveCfg = Release|Any CPU
		{36C76FF8-3ABE-423A-80EC-05E6DA3EC006}.Release|Any CPU.Build.0 = Release|Any CPU
	EndGlobalSection
	GlobalSection(SolutionProperties) = preSolution
		HideSolutionNode = FALSE
	EndGlobalSection
	GlobalSection(ExtensibilityGlobals) = postSolution
		SolutionGuid = {25C69F61-C86C-4DC2-9967-E363AF050F54}
	EndGlobalSection
EndGlobal
